
Microsoft Visual Studio Solution File, Format Version 12.00
# Visual Studio Version 16
VisualStudioVersion = 16.0.29215.179
MinimumVisualStudioVersion = 10.0.40219.1
Project("{FAE04EC0-301F-11D3-BF4B-00C04F79EFBC}") = "övning", "övning\övning.csproj", "{A2F61CC9-B90C-482C-95EF-9C2723BB0536}"
EndProject
Global
	GlobalSection(SolutionConfigurationPlatforms) = preSolution
		Debug|Any CPU = Debug|Any CPU
		Release|Any CPU = Release|Any CPU
	EndGlobalSection
	GlobalSection(ProjectConfigurationPlatforms) = postSolution
		{A2F61CC9-B90C-482C-95EF-9C2723BB0536}.Debug|Any CPU.ActiveCfg = Debug|Any CPU
		{A2F61CC9-B90C-482C-95EF-9C2723BB0536}.Debug|Any CPU.Build.0 = Debug|Any CPU
		{A2F61CC9-B90C-482C-95EF-9C2723BB0536}.Release|Any CPU.ActiveCfg = Release|Any CPU
		{A2F61CC9-B90C-482C-95EF-9C2723BB0536}.Release|Any CPU.Build.0 = Release|Any CPU
	EndGlobalSection
	GlobalSection(SolutionProperties) = preSolution
		HideSolutionNode = FALSE
	EndGlobalSection
	GlobalSection(ExtensibilityGlobals) = postSolution
		SolutionGuid = {44576F05-8F72-474A-869C-0F5F40E233CB}
	EndGlobalSection
EndGlobal
